
Microsoft Visual Studio Solution File, Format Version 12.00
# Visual Studio 15
VisualStudioVersion = 15.0.28307.1022
MinimumVisualStudioVersion = 10.0.40219.1
Project("{FAE04EC0-301F-11D3-BF4B-00C04F79EFBC}") = "WebApplication1", "WebApplication1\WebApplication1.csproj", "{B3C3300A-B515-440B-9E29-47DCC56C663A}"
EndProject
Global
	GlobalSection(SolutionConfigurationPlatforms) = preSolution
		Debug|Any CPU = Debug|Any CPU
		Release|Any CPU = Release|Any CPU
	EndGlobalSection
	GlobalSection(ProjectConfigurationPlatforms) = postSolution
		{B3C3300A-B515-440B-9E29-47DCC56C663A}.Debug|Any CPU.ActiveCfg = Debug|Any CPU
		{B3C3300A-B515-440B-9E29-47DCC56C663A}.Debug|Any CPU.Build.0 = Debug|Any CPU
		{B3C3300A-B515-440B-9E29-47DCC56C663A}.Release|Any CPU.ActiveCfg = Release|Any CPU
		{B3C3300A-B515-440B-9E29-47DCC56C663A}.Release|Any CPU.Build.0 = Release|Any CPU
	EndGlobalSection
	GlobalSection(SolutionProperties) = preSolution
		HideSolutionNode = FALSE
	EndGlobalSection
	GlobalSection(ExtensibilityGlobals) = postSolution
		SolutionGuid = {F154035F-C6FC-4079-B081-5FEF9E38C32D}
	EndGlobalSection
EndGlobal
